
Microsoft Visual Studio Solution File, Format Version 12.00
# Visual Studio Version 18
VisualStudioVersion = 18.3.11206.111 d18.3
MinimumVisualStudioVersion = 10.0.40219.1
Project("{FAE04EC0-301F-11D3-BF4B-00C04F79EFBC}") = "WebApplication-homework-grupp1", "WebApplication-homework-grupp1\WebApplication-homework-grupp1.csproj", "{51B297DE-AD02-45CE-A233-EA4F5F156DCF}"
EndProject
Global
	GlobalSection(SolutionConfigurationPlatforms) = preSolution
		Debug|Any CPU = Debug|Any CPU
		Release|Any CPU = Release|Any CPU
	EndGlobalSection
	GlobalSection(ProjectConfigurationPlatforms) = postSolution
		{51B297DE-AD02-45CE-A233-EA4F5F156DCF}.Debug|Any CPU.ActiveCfg = Debug|Any CPU
		{51B297DE-AD02-45CE-A233-EA4F5F156DCF}.Debug|Any CPU.Build.0 = Debug|Any CPU
		{51B297DE-AD02-45CE-A233-EA4F5F156DCF}.Release|Any CPU.ActiveCfg = Release|Any CPU
		{51B297DE-AD02-45CE-A233-EA4F5F156DCF}.Release|Any CPU.Build.0 = Release|Any CPU
	EndGlobalSection
	GlobalSection(SolutionProperties) = preSolution
		HideSolutionNode = FALSE
	EndGlobalSection
	GlobalSection(ExtensibilityGlobals) = postSolution
		SolutionGuid = {3970B3C6-8609-442B-96A1-401170B28FD2}
	EndGlobalSection
EndGlobal
